
Microsoft Visual Studio Solution File, Format Version 12.00
# Visual Studio Version 16
VisualStudioVersion = 16.0.30011.22
MinimumVisualStudioVersion = 10.0.40219.1
Project("{FAE04EC0-301F-11D3-BF4B-00C04F79EFBC}") = "PBWF", "PBWF\PBWF.csproj", "{D228204B-BCAB-486A-922F-6E351710601C}"
EndProject
Global
	GlobalSection(SolutionConfigurationPlatforms) = preSolution
		Debug|Any CPU = Debug|Any CPU
		Release|Any CPU = Release|Any CPU
	EndGlobalSection
	GlobalSection(ProjectConfigurationPlatforms) = postSolution
		{D228204B-BCAB-486A-922F-6E351710601C}.Debug|Any CPU.ActiveCfg = Debug|Any CPU
		{D228204B-BCAB-486A-922F-6E351710601C}.Debug|Any CPU.Build.0 = Debug|Any CPU
		{D228204B-BCAB-486A-922F-6E351710601C}.Release|Any CPU.ActiveCfg = Release|Any CPU
		{D228204B-BCAB-486A-922F-6E351710601C}.Release|Any CPU.Build.0 = Release|Any CPU
	EndGlobalSection
	GlobalSection(SolutionProperties) = preSolution
		HideSolutionNode = FALSE
	EndGlobalSection
	GlobalSection(ExtensibilityGlobals) = postSolution
		SolutionGuid = {95866FAC-4CA6-4652-ACD2-8B6ED98E6BAB}
	EndGlobalSection
EndGlobal
